
Microsoft Visual Studio Solution File, Format Version 12.00
# Visual Studio Version 17
VisualStudioVersion = 17.12.35527.113 d17.12
MinimumVisualStudioVersion = 10.0.40219.1
Project("{FAE04EC0-301F-11D3-BF4B-00C04F79EFBC}") = "UserService", "UserService\UserService.csproj", "{21C64813-85A4-42AB-8ACD-8BD8C8BA5FA8}"
EndProject
Project("{FAE04EC0-301F-11D3-BF4B-00C04F79EFBC}") = "ApiGateway", "ApiGateway\ApiGateway.csproj", "{077ED71B-E0A3-4472-8545-AB81F6B690F3}"
EndProject
Project("{FAE04EC0-301F-11D3-BF4B-00C04F79EFBC}") = "TextFileDataStore", "TextFileDataStore\TextFileDataStore.csproj", "{70A5D15A-9350-428C-9E79-16EAABBE0CF6}"
EndProject
Global
	GlobalSection(SolutionConfigurationPlatforms) = preSolution
		Debug|Any CPU = Debug|Any CPU
		Release|Any CPU = Release|Any CPU
	EndGlobalSection
	GlobalSection(ProjectConfigurationPlatforms) = postSolution
		{21C64813-85A4-42AB-8ACD-8BD8C8BA5FA8}.Debug|Any CPU.ActiveCfg = Debug|Any CPU
		{21C64813-85A4-42AB-8ACD-8BD8C8BA5FA8}.Debug|Any CPU.Build.0 = Debug|Any CPU
		{21C64813-85A4-42AB-8ACD-8BD8C8BA5FA8}.Release|Any CPU.ActiveCfg = Release|Any CPU
		{21C64813-85A4-42AB-8ACD-8BD8C8BA5FA8}.Release|Any CPU.Build.0 = Release|Any CPU
		{077ED71B-E0A3-4472-8545-AB81F6B690F3}.Debug|Any CPU.ActiveCfg = Debug|Any CPU
		{077ED71B-E0A3-4472-8545-AB81F6B690F3}.Debug|Any CPU.Build.0 = Debug|Any CPU
		{077ED71B-E0A3-4472-8545-AB81F6B690F3}.Release|Any CPU.ActiveCfg = Release|Any CPU
		{077ED71B-E0A3-4472-8545-AB81F6B690F3}.Release|Any CPU.Build.0 = Release|Any CPU
		{70A5D15A-9350-428C-9E79-16EAABBE0CF6}.Debug|Any CPU.ActiveCfg = Debug|Any CPU
		{70A5D15A-9350-428C-9E79-16EAABBE0CF6}.Debug|Any CPU.Build.0 = Debug|Any CPU
		{70A5D15A-9350-428C-9E79-16EAABBE0CF6}.Release|Any CPU.ActiveCfg = Release|Any CPU
		{70A5D15A-9350-428C-9E79-16EAABBE0CF6}.Release|Any CPU.Build.0 = Release|Any CPU
	EndGlobalSection
	GlobalSection(SolutionProperties) = preSolution
		HideSolutionNode = FALSE
	EndGlobalSection
EndGlobal
